
Microsoft Visual Studio Solution File, Format Version 12.00
# Visual Studio Version 17
VisualStudioVersion = 17.14.36518.9 d17.14
MinimumVisualStudioVersion = 10.0.40219.1
Project("{FAE04EC0-301F-11D3-BF4B-00C04F79EFBC}") = "Ses Deneme", "Ses Deneme\Ses Deneme.csproj", "{EBF41DEC-7C1C-4B4D-A951-A8FC8BA75ABB}"
EndProject
Global
	GlobalSection(SolutionConfigurationPlatforms) = preSolution
		Debug|Any CPU = Debug|Any CPU
		Release|Any CPU = Release|Any CPU
	EndGlobalSection
	GlobalSection(ProjectConfigurationPlatforms) = postSolution
		{EBF41DEC-7C1C-4B4D-A951-A8FC8BA75ABB}.Debug|Any CPU.ActiveCfg = Debug|Any CPU
		{EBF41DEC-7C1C-4B4D-A951-A8FC8BA75ABB}.Debug|Any CPU.Build.0 = Debug|Any CPU
		{EBF41DEC-7C1C-4B4D-A951-A8FC8BA75ABB}.Release|Any CPU.ActiveCfg = Release|Any CPU
		{EBF41DEC-7C1C-4B4D-A951-A8FC8BA75ABB}.Release|Any CPU.Build.0 = Release|Any CPU
	EndGlobalSection
	GlobalSection(SolutionProperties) = preSolution
		HideSolutionNode = FALSE
	EndGlobalSection
	GlobalSection(ExtensibilityGlobals) = postSolution
		SolutionGuid = {741F0C5C-5DD9-4205-89CC-6726900CFD5E}
	EndGlobalSection
EndGlobal
